// !$*UTF8*$!
{
	archiveVersion = 1;
	classes = {
	};
	objectVersion = 46;
	objects = {

/* Begin PBXBuildFile section */
		153923C2A23800055F047A07 /* Pods_pruebaRappi.framework in Frameworks */ = {isa = PBXBuildFile; fileRef = D4BB3AA8922EC1EA0F0BC191 /* Pods_pruebaRappi.framework */; };
		650A6C5C1C627D0A00AAF8AA /* AppDelegate.swift in Sources */ = {isa = PBXBuildFile; fileRef = 650A6C5B1C627D0A00AAF8AA /* AppDelegate.swift */; };
		650A6C5E1C627D0A00AAF8AA /* ViewController.swift in Sources */ = {isa = PBXBuildFile; fileRef = 650A6C5D1C627D0A00AAF8AA /* ViewController.swift */; };
		650A6C611C627D0A00AAF8AA /* Main.storyboard in Resources */ = {isa = PBXBuildFile; fileRef = 650A6C5F1C627D0A00AAF8AA /* Main.storyboard */; };
		650A6C641C627D0A00AAF8AA /* pruebaRappi.xcdatamodeld in Sources */ = {isa = PBXBuildFile; fileRef = 650A6C621C627D0A00AAF8AA /* pruebaRappi.xcdatamodeld */; };
		650A6C661C627D0A00AAF8AA /* Assets.xcassets in Resources */ = {isa = PBXBuildFile; fileRef = 650A6C651C627D0A00AAF8AA /* Assets.xcassets */; };
		650A6C691C627D0A00AAF8AA /* LaunchScreen.storyboard in Resources */ = {isa = PBXBuildFile; fileRef = 650A6C671C627D0A00AAF8AA /* LaunchScreen.storyboard */; };
		650A6C761C628CD800AAF8AA /* Application.swift in Sources */ = {isa = PBXBuildFile; fileRef = 650A6C741C628CD800AAF8AA /* Application.swift */; };
		650A6C781C628E5800AAF8AA /* AppCell.swift in Sources */ = {isa = PBXBuildFile; fileRef = 650A6C771C628E5800AAF8AA /* AppCell.swift */; };
		650A6C7A1C62A3F700AAF8AA /* GridAppCell.swift in Sources */ = {isa = PBXBuildFile; fileRef = 650A6C791C62A3F700AAF8AA /* GridAppCell.swift */; };
		650A6C7E1C62B22900AAF8AA /* Application+CoreDataProperties.swift in Sources */ = {isa = PBXBuildFile; fileRef = 650A6C7D1C62B22900AAF8AA /* Application+CoreDataProperties.swift */; };
		650A6C801C62DB2400AAF8AA /* CatViewController.swift in Sources */ = {isa = PBXBuildFile; fileRef = 650A6C7F1C62DB2400AAF8AA /* CatViewController.swift */; };
		650A6C821C62DD6200AAF8AA /* CatCell.swift in Sources */ = {isa = PBXBuildFile; fileRef = 650A6C811C62DD6200AAF8AA /* CatCell.swift */; };
		650A6C851C62E08000AAF8AA /* Category+CoreDataProperties.swift in Sources */ = {isa = PBXBuildFile; fileRef = 650A6C831C62E08000AAF8AA /* Category+CoreDataProperties.swift */; };
		650A6C861C62E08000AAF8AA /* Category.swift in Sources */ = {isa = PBXBuildFile; fileRef = 650A6C841C62E08000AAF8AA /* Category.swift */; };
		650A6C881C63B19B00AAF8AA /* AppDetailVC.swift in Sources */ = {isa = PBXBuildFile; fileRef = 650A6C871C63B19B00AAF8AA /* AppDetailVC.swift */; };
		656C22E31C63F5240039B6FD /* TransitionManager.swift in Sources */ = {isa = PBXBuildFile; fileRef = 656C22E21C63F5240039B6FD /* TransitionManager.swift */; };
		656C22EA1C6414F20039B6FD /* InfoPlist.strings in Resources */ = {isa = PBXBuildFile; fileRef = 656C22E91C6414F20039B6FD /* InfoPlist.strings */; };
/* End PBXBuildFile section */

/* Begin PBXFileReference section */
		50C1FA52810A012F7DAC90BB /* Pods-pruebaRappi.release.xcconfig */ = {isa = PBXFileReference; includeInIndex = 1; lastKnownFileType = text.xcconfig; name = "Pods-pruebaRappi.release.xcconfig"; path = "Pods/Target Support Files/Pods-pruebaRappi/Pods-pruebaRappi.release.xcconfig"; sourceTree = "<group>"; };
		559993A7B0D8521352BD7744 /* Pods-pruebaRappi.debug.xcconfig */ = {isa = PBXFileReference; includeInIndex = 1; lastKnownFileType = text.xcconfig; name = "Pods-pruebaRappi.debug.xcconfig"; path = "Pods/Target Support Files/Pods-pruebaRappi/Pods-pruebaRappi.debug.xcconfig"; sourceTree = "<group>"; };
		650A6C581C627D0A00AAF8AA /* pruebaRappi.app */ = {isa = PBXFileReference; explicitFileType = wrapper.application; includeInIndex = 0; path = pruebaRappi.app; sourceTree = BUILT_PRODUCTS_DIR; };
		650A6C5B1C627D0A00AAF8AA /* AppDelegate.swift */ = {isa = PBXFileReference; lastKnownFileType = sourcecode.swift; path = AppDelegate.swift; sourceTree = "<group>"; };
		650A6C5D1C627D0A00AAF8AA /* ViewController.swift */ = {isa = PBXFileReference; lastKnownFileType = sourcecode.swift; path = ViewController.swift; sourceTree = "<group>"; };
		650A6C601C627D0A00AAF8AA /* Base */ = {isa = PBXFileReference; lastKnownFileType = file.storyboard; name = Base; path = Base.lproj/Main.storyboard; sourceTree = "<group>"; };
		650A6C631C627D0A00AAF8AA /* pruebaRappi.xcdatamodel */ = {isa = PBXFileReference; lastKnownFileType = wrapper.xcdatamodel; path = pruebaRappi.xcdatamodel; sourceTree = "<group>"; };
		650A6C651C627D0A00AAF8AA /* Assets.xcassets */ = {isa = PBXFileReference; lastKnownFileType = folder.assetcatalog; path = Assets.xcassets; sourceTree = "<group>"; };
		650A6C681C627D0A00AAF8AA /* Base */ = {isa = PBXFileReference; lastKnownFileType = file.storyboard; name = Base; path = Base.lproj/LaunchScreen.storyboard; sourceTree = "<group>"; };
		650A6C6A1C627D0A00AAF8AA /* Info.plist */ = {isa = PBXFileReference; lastKnownFileType = text.plist.xml; path = Info.plist; sourceTree = "<group>"; };
		650A6C741C628CD800AAF8AA /* Application.swift */ = {isa = PBXFileReference; fileEncoding = 4; lastKnownFileType = sourcecode.swift; path = Application.swift; sourceTree = "<group>"; };
		650A6C771C628E5800AAF8AA /* AppCell.swift */ = {isa = PBXFileReference; fileEncoding = 4; lastKnownFileType = sourcecode.swift; path = AppCell.swift; sourceTree = "<group>"; };
		650A6C791C62A3F700AAF8AA /* GridAppCell.swift */ = {isa = PBXFileReference; fileEncoding = 4; lastKnownFileType = sourcecode.swift; path = GridAppCell.swift; sourceTree = "<group>"; };
		650A6C7D1C62B22900AAF8AA /* Application+CoreDataProperties.swift */ = {isa = PBXFileReference; fileEncoding = 4; lastKnownFileType = sourcecode.swift; path = "Application+CoreDataProperties.swift"; sourceTree = "<group>"; };
		650A6C7F1C62DB2400AAF8AA /* CatViewController.swift */ = {isa = PBXFileReference; fileEncoding = 4; lastKnownFileType = sourcecode.swift; path = CatViewController.swift; sourceTree = "<group>"; };
		650A6C811C62DD6200AAF8AA /* CatCell.swift */ = {isa = PBXFileReference; fileEncoding = 4; lastKnownFileType = sourcecode.swift; path = CatCell.swift; sourceTree = "<group>"; };
		650A6C831C62E08000AAF8AA /* Category+CoreDataProperties.swift */ = {isa = PBXFileReference; fileEncoding = 4; lastKnownFileType = sourcecode.swift; path = "Category+CoreDataProperties.swift"; sourceTree = "<group>"; };
		650A6C841C62E08000AAF8AA /* Category.swift */ = {isa = PBXFileReference; fileEncoding = 4; lastKnownFileType = sourcecode.swift; path = Category.swift; sourceTree = "<group>"; };
		650A6C871C63B19B00AAF8AA /* AppDetailVC.swift */ = {isa = PBXFileReference; fileEncoding = 4; lastKnownFileType = sourcecode.swift; path = AppDetailVC.swift; sourceTree = "<group>"; };
		656C22E21C63F5240039B6FD /* TransitionManager.swift */ = {isa = PBXFileReference; fileEncoding = 4; lastKnownFileType = sourcecode.swift; path = TransitionManager.swift; sourceTree = "<group>"; };
		656C22E91C6414F20039B6FD /* InfoPlist.strings */ = {isa = PBXFileReference; fileEncoding = 4; lastKnownFileType = text.plist.strings; path = InfoPlist.strings; sourceTree = "<group>"; };
		D4BB3AA8922EC1EA0F0BC191 /* Pods_pruebaRappi.framework */ = {isa = PBXFileReference; explicitFileType = wrapper.framework; includeInIndex = 0; path = Pods_pruebaRappi.framework; sourceTree = BUILT_PRODUCTS_DIR; };
/* End PBXFileReference section */

/* Begin PBXFrameworksBuildPhase section */
		650A6C551C627D0A00AAF8AA /* Frameworks */ = {
			isa = PBXFrameworksBuildPhase;
			buildActionMask = 2147483647;
			files = (
				153923C2A23800055F047A07 /* Pods_pruebaRappi.framework in Frameworks */,
			);
			runOnlyForDeploymentPostprocessing = 0;
		};
/* End PBXFrameworksBuildPhase section */

/* Begin PBXGroup section */
		45E77DCE9442EB49980BBB6E /* Pods */ = {
			isa = PBXGroup;
			children = (
				559993A7B0D8521352BD7744 /* Pods-pruebaRappi.debug.xcconfig */,
				50C1FA52810A012F7DAC90BB /* Pods-pruebaRappi.release.xcconfig */,
			);
			name = Pods;
			sourceTree = "<group>";
		};
		4B9F5D8B60D6F5BBB7DDBF40 /* Frameworks */ = {
			isa = PBXGroup;
			children = (
				D4BB3AA8922EC1EA0F0BC191 /* Pods_pruebaRappi.framework */,
			);
			name = Frameworks;
			sourceTree = "<group>";
		};
		650A6C4F1C627D0A00AAF8AA = {
			isa = PBXGroup;
			children = (
				650A6C5A1C627D0A00AAF8AA /* pruebaRappi */,
				650A6C591C627D0A00AAF8AA /* Products */,
				45E77DCE9442EB49980BBB6E /* Pods */,
				4B9F5D8B60D6F5BBB7DDBF40 /* Frameworks */,
			);
			sourceTree = "<group>";
		};
		650A6C591C627D0A00AAF8AA /* Products */ = {
			isa = PBXGroup;
			children = (
				650A6C581C627D0A00AAF8AA /* pruebaRappi.app */,
			);
			name = Products;
			sourceTree = "<group>";
		};
		650A6C5A1C627D0A00AAF8AA /* pruebaRappi */ = {
			isa = PBXGroup;
			children = (
				650A6C701C62857A00AAF8AA /* Model */,
				650A6C711C62857F00AAF8AA /* View */,
				650A6C721C62858600AAF8AA /* Controller */,
				650A6C5B1C627D0A00AAF8AA /* AppDelegate.swift */,
				650A6C651C627D0A00AAF8AA /* Assets.xcassets */,
				650A6C6A1C627D0A00AAF8AA /* Info.plist */,
				650A6C621C627D0A00AAF8AA /* pruebaRappi.xcdatamodeld */,
				656C22E91C6414F20039B6FD /* InfoPlist.strings */,
			);
			path = pruebaRappi;
			sourceTree = "<group>";
		};
		650A6C701C62857A00AAF8AA /* Model */ = {
			isa = PBXGroup;
			children = (
				650A6C831C62E08000AAF8AA /* Category+CoreDataProperties.swift */,
				650A6C841C62E08000AAF8AA /* Category.swift */,
				650A6C7D1C62B22900AAF8AA /* Application+CoreDataProperties.swift */,
				650A6C741C628CD800AAF8AA /* Application.swift */,
			);
			name = Model;
			sourceTree = "<group>";
		};
		650A6C711C62857F00AAF8AA /* View */ = {
			isa = PBXGroup;
			children = (
				650A6C671C627D0A00AAF8AA /* LaunchScreen.storyboard */,
				650A6C5F1C627D0A00AAF8AA /* Main.storyboard */,
				650A6C771C628E5800AAF8AA /* AppCell.swift */,
				650A6C791C62A3F700AAF8AA /* GridAppCell.swift */,
				650A6C811C62DD6200AAF8AA /* CatCell.swift */,
			);
			name = View;
			sourceTree = "<group>";
		};
		650A6C721C62858600AAF8AA /* Controller */ = {
			isa = PBXGroup;
			children = (
				650A6C7F1C62DB2400AAF8AA /* CatViewController.swift */,
				650A6C5D1C627D0A00AAF8AA /* ViewController.swift */,
				650A6C871C63B19B00AAF8AA /* AppDetailVC.swift */,
				656C22E21C63F5240039B6FD /* TransitionManager.swift */,
			);
			name = Controller;
			sourceTree = "<group>";
		};
/* End PBXGroup section */

/* Begin PBXNativeTarget section */
		650A6C571C627D0A00AAF8AA /* pruebaRappi */ = {
			isa = PBXNativeTarget;
			buildConfigurationList = 650A6C6D1C627D0A00AAF8AA /* Build configuration list for PBXNativeTarget "pruebaRappi" */;
			buildPhases = (
				7C186A7411790CE9EDD8C3E7 /* Check Pods Manifest.lock */,
				650A6C541C627D0A00AAF8AA /* Sources */,
				650A6C551C627D0A00AAF8AA /* Frameworks */,
				650A6C561C627D0A00AAF8AA /* Resources */,
				EBA1EDE6B25E3E11BBC38508 /* Embed Pods Frameworks */,
				1F6CD4CCF0DDF037D2472761 /* Copy Pods Resources */,
			);
			buildRules = (
			);
			dependencies = (
			);
			name = pruebaRappi;
			productName = pruebaRappi;
			productReference = 650A6C581C627D0A00AAF8AA /* pruebaRappi.app */;
			productType = "com.apple.product-type.application";
		};
/* End PBXNativeTarget section */

/* Begin PBXProject section */
		650A6C501C627D0A00AAF8AA /* Project object */ = {
			isa = PBXProject;
			attributes = {
				LastSwiftUpdateCheck = 0720;
				LastUpgradeCheck = 0720;
				ORGANIZATIONNAME = "Daniel Warner";
				TargetAttributes = {
					650A6C571C627D0A00AAF8AA = {
						CreatedOnToolsVersion = 7.2;
					};
				};
			};
			buildConfigurationList = 650A6C531C627D0A00AAF8AA /* Build configuration list for PBXProject "pruebaRappi" */;
			compatibilityVersion = "Xcode 3.2";
			developmentRegion = English;
			hasScannedForEncodings = 0;
			knownRegions = (
				en,
				Base,
			);
			mainGroup = 650A6C4F1C627D0A00AAF8AA;
			productRefGroup = 650A6C591C627D0A00AAF8AA /* Products */;
			projectDirPath = "";
			projectRoot = "";
			targets = (
				650A6C571C627D0A00AAF8AA /* pruebaRappi */,
			);
		};
/* End PBXProject section */

/* Begin PBXResourcesBuildPhase section */
		650A6C561C627D0A00AAF8AA /* Resources */ = {
			isa = PBXResourcesBuildPhase;
			buildActionMask = 2147483647;
			files = (
				650A6C691C627D0A00AAF8AA /* LaunchScreen.storyboard in Resources */,
				656C22EA1C6414F20039B6FD /* InfoPlist.strings in Resources */,
				650A6C661C627D0A00AAF8AA /* Assets.xcassets in Resources */,
				650A6C611C627D0A00AAF8AA /* Main.storyboard in Resources */,
			);
			runOnlyForDeploymentPostprocessing = 0;
		};
/* End PBXResourcesBuildPhase section */

/* Begin PBXShellScriptBuildPhase section */
		1F6CD4CCF0DDF037D2472761 /* Copy Pods Resources */ = {
			isa = PBXShellScriptBuildPhase;
			buildActionMask = 2147483647;
			files = (
			);
			inputPaths = (
			);
			name = "Copy Pods Resources";
			outputPaths = (
			);
			runOnlyForDeploymentPostprocessing = 0;
			shellPath = /bin/sh;
			shellScript = "\"${SRCROOT}/Pods/Target Support Files/Pods-pruebaRappi/Pods-pruebaRappi-resources.sh\"\n";
			showEnvVarsInLog = 0;
		};
		7C186A7411790CE9EDD8C3E7 /* Check Pods Manifest.lock */ = {
			isa = PBXShellScriptBuildPhase;
			buildActionMask = 2147483647;
			files = (
			);
			inputPaths = (
			);
			name = "Check Pods Manifest.lock";
			outputPaths = (
			);
			runOnlyForDeploymentPostprocessing = 0;
			shellPath = /bin/sh;
			shellScript = "diff \"${PODS_ROOT}/../Podfile.lock\" \"${PODS_ROOT}/Manifest.lock\" > /dev/null\nif [[ $? != 0 ]] ; then\n    cat << EOM\nerror: The sandbox is not in sync with the Podfile.lock. Run 'pod install' or update your CocoaPods installation.\nEOM\n    exit 1\nfi\n";
			showEnvVarsInLog = 0;
		};
		EBA1EDE6B25E3E11BBC38508 /* Embed Pods Frameworks */ = {
			isa = PBXShellScriptBuildPhase;
			buildActionMask = 2147483647;
			files = (
			);
			inputPaths = (
			);
			name = "Embed Pods Frameworks";
			outputPaths = (
			);
			runOnlyForDeploymentPostprocessing = 0;
			shellPath = /bin/sh;
			shellScript = "\"${SRCROOT}/Pods/Target Support Files/Pods-pruebaRappi/Pods-pruebaRappi-frameworks.sh\"\n";
			showEnvVarsInLog = 0;
		};
/* End PBXShellScriptBuildPhase section */

/* Begin PBXSourcesBuildPhase section */
		650A6C541C627D0A00AAF8AA /* Sources */ = {
			isa = PBXSourcesBuildPhase;
			buildActionMask = 2147483647;
			files = (
				650A6C761C628CD800AAF8AA /* Application.swift in Sources */,
				650A6C801C62DB2400AAF8AA /* CatViewController.swift in Sources */,
				650A6C5E1C627D0A00AAF8AA /* ViewController.swift in Sources */,
				656C22E31C63F5240039B6FD /* TransitionManager.swift in Sources */,
				650A6C641C627D0A00AAF8AA /* pruebaRappi.xcdatamodeld in Sources */,
				650A6C7A1C62A3F700AAF8AA /* GridAppCell.swift in Sources */,
				650A6C881C63B19B00AAF8AA /* AppDetailVC.swift in Sources */,
				650A6C781C628E5800AAF8AA /* AppCell.swift in Sources */,
				650A6C821C62DD6200AAF8AA /* CatCell.swift in Sources */,
				650A6C851C62E08000AAF8AA /* Category+CoreDataProperties.swift in Sources */,
				650A6C7E1C62B22900AAF8AA /* Application+CoreDataProperties.swift in Sources */,
				650A6C5C1C627D0A00AAF8AA /* AppDelegate.swift in Sources */,
				650A6C861C62E08000AAF8AA /* Category.swift in Sources */,
			);
			runOnlyForDeploymentPostprocessing = 0;
		};
/* End PBXSourcesBuildPhase section */

/* Begin PBXVariantGroup section */
		650A6C5F1C627D0A00AAF8AA /* Main.storyboard */ = {
			isa = PBXVariantGroup;
			children = (
				650A6C601C627D0A00AAF8AA /* Base */,
			);
			name = Main.storyboard;
			sourceTree = "<group>";
		};
		650A6C671C627D0A00AAF8AA /* LaunchScreen.storyboard */ = {
			isa = PBXVariantGroup;
			children = (
				650A6C681C627D0A00AAF8AA /* Base */,
			);
			name = LaunchScreen.storyboard;
			sourceTree = "<group>";
		};
/* End PBXVariantGroup section */

/* Begin XCBuildConfiguration section */
		650A6C6B1C627D0A00AAF8AA /* Debug */ = {
			isa = XCBuildConfiguration;
			buildSettings = {
				ALWAYS_SEARCH_USER_PATHS = NO;
				CLANG_CXX_LANGUAGE_STANDARD = "gnu++0x";
				CLANG_CXX_LIBRARY = "libc++";
				CLANG_ENABLE_MODULES = YES;
				CLANG_ENABLE_OBJC_ARC = YES;
				CLANG_WARN_BOOL_CONVERSION = YES;
				CLANG_WARN_CONSTANT_CONVERSION = YES;
				CLANG_WARN_DIRECT_OBJC_ISA_USAGE = YES_ERROR;
				CLANG_WARN_EMPTY_BODY = YES;
				CLANG_WARN_ENUM_CONVERSION = YES;
				CLANG_WARN_INT_CONVERSION = YES;
				CLANG_WARN_OBJC_ROOT_CLASS = YES_ERROR;
				CLANG_WARN_UNREACHABLE_CODE = YES;
				CLANG_WARN__DUPLICATE_METHOD_MATCH = YES;
				"CODE_SIGN_IDENTITY[sdk=iphoneos*]" = "iPhone Developer";
				COPY_PHASE_STRIP = NO;
				DEBUG_INFORMATION_FORMAT = dwarf;
				ENABLE_STRICT_OBJC_MSGSEND = YES;
				ENABLE_TESTABILITY = YES;
				GCC_C_LANGUAGE_STANDARD = gnu99;
				GCC_DYNAMIC_NO_PIC = NO;
				GCC_NO_COMMON_BLOCKS = YES;
				GCC_OPTIMIZATION_LEVEL = 0;
				GCC_PREPROCESSOR_DEFINITIONS = (
					"DEBUG=1",
					"$(inherited)",
				);
				GCC_WARN_64_TO_32_BIT_CONVERSION = YES;
				GCC_WARN_ABOUT_RETURN_TYPE = YES_ERROR;
				GCC_WARN_UNDECLARED_SELECTOR = YES;
				GCC_WARN_UNINITIALIZED_AUTOS = YES_AGGRESSIVE;
				GCC_WARN_UNUSED_FUNCTION = YES;
				GCC_WARN_UNUSED_VARIABLE = YES;
				IPHONEOS_DEPLOYMENT_TARGET = 9.2;
				MTL_ENABLE_DEBUG_INFO = YES;
				ONLY_ACTIVE_ARCH = YES;
				SDKROOT = iphoneos;
				SWIFT_OPTIMIZATION_LEVEL = "-Onone";
				TARGETED_DEVICE_FAMILY = "1,2";
			};
			name = Debug;
		};
		650A6C6C1C627D0A00AAF8AA /* Release */ = {
			isa = XCBuildConfiguration;
			buildSettings = {
				ALWAYS_SEARCH_USER_PATHS = NO;
				CLANG_CXX_LANGUAGE_STANDARD = "gnu++0x";
				CLANG_CXX_LIBRARY = "libc++";
				CLANG_ENABLE_MODULES = YES;
				CLANG_ENABLE_OBJC_ARC = YES;
				CLANG_WARN_BOOL_CONVERSION = YES;
				CLANG_WARN_CONSTANT_CONVERSION = YES;
				CLANG_WARN_DIRECT_OBJC_ISA_USAGE = YES_ERROR;
				CLANG_WARN_EMPTY_BODY = YES;
				CLANG_WARN_ENUM_CONVERSION = YES;
				CLANG_WARN_INT_CONVERSION = YES;
				CLANG_WARN_OBJC_ROOT_CLASS = YES_ERROR;
				CLANG_WARN_UNREACHABLE_CODE = YES;
				CLANG_WARN__DUPLICATE_METHOD_MATCH = YES;
				"CODE_SIGN_IDENTITY[sdk=iphoneos*]" = "iPhone Developer";
				COPY_PHASE_STRIP = NO;
				DEBUG_INFORMATION_FORMAT = "dwarf-with-dsym";
				ENABLE_NS_ASSERTIONS = NO;
				ENABLE_STRICT_OBJC_MSGSEND = YES;
				GCC_C_LANGUAGE_STANDARD = gnu99;
				GCC_NO_COMMON_BLOCKS = YES;
				GCC_WARN_64_TO_32_BIT_CONVERSION = YES;
				GCC_WARN_ABOUT_RETURN_TYPE = YES_ERROR;
				GCC_WARN_UNDECLARED_SELECTOR = YES;
				GCC_WARN_UNINITIALIZED_AUTOS = YES_AGGRESSIVE;
				GCC_WARN_UNUSED_FUNCTION = YES;
				GCC_WARN_UNUSED_VARIABLE = YES;
				IPHONEOS_DEPLOYMENT_TARGET = 9.2;
				MTL_ENABLE_DEBUG_INFO = NO;
				SDKROOT = iphoneos;
				TARGETED_DEVICE_FAMILY = "1,2";
				VALIDATE_PRODUCT = YES;
			};
			name = Release;
		};
		650A6C6E1C627D0A00AAF8AA /* Debug */ = {
			isa = XCBuildConfiguration;
			baseConfigurationReference = 559993A7B0D8521352BD7744 /* Pods-pruebaRappi.debug.xcconfig */;
			buildSettings = {
				ASSETCATALOG_COMPILER_APPICON_NAME = AppIcon;
				INFOPLIST_FILE = pruebaRappi/Info.plist;
				IPHONEOS_DEPLOYMENT_TARGET = 8.0;
				LD_RUNPATH_SEARCH_PATHS = "$(inherited) @executable_path/Frameworks";
				PRODUCT_BUNDLE_IDENTIFIER = com.gmail.danywarner.pruebaRappi;
				PRODUCT_NAME = "$(TARGET_NAME)";
			};
			name = Debug;
		};
		650A6C6F1C627D0A00AAF8AA /* Release */ = {
			isa = XCBuildConfiguration;
			baseConfigurationReference = 50C1FA52810A012F7DAC90BB /* Pods-pruebaRappi.release.xcconfig */;
			buildSettings = {
				ASSETCATALOG_COMPILER_APPICON_NAME = AppIcon;
				INFOPLIST_FILE = pruebaRappi/Info.plist;
				IPHONEOS_DEPLOYMENT_TARGET = 8.0;
				LD_RUNPATH_SEARCH_PATHS = "$(inherited) @executable_path/Frameworks";
				PRODUCT_BUNDLE_IDENTIFIER = com.gmail.danywarner.pruebaRappi;
				PRODUCT_NAME = "$(TARGET_NAME)";
			};
			name = Release;
		};
/* End XCBuildConfiguration section */

/* Begin XCConfigurationList section */
		650A6C531C627D0A00AAF8AA /* Build configuration list for PBXProject "pruebaRappi" */ = {
			isa = XCConfigurationList;
			buildConfigurations = (
				650A6C6B1C627D0A00AAF8AA /* Debug */,
				650A6C6C1C627D0A00AAF8AA /* Release */,
			);
			defaultConfigurationIsVisible = 0;
			defaultConfigurationName = Release;
		};
		650A6C6D1C627D0A00AAF8AA /* Build configuration list for PBXNativeTarget "pruebaRappi" */ = {
			isa = XCConfigurationList;
			buildConfigurations = (
				650A6C6E1C627D0A00AAF8AA /* Debug */,
				650A6C6F1C627D0A00AAF8AA /* Release */,
			);
			defaultConfigurationIsVisible = 0;
			defaultConfigurationName = Release;
		};
/* End XCConfigurationList section */

/* Begin XCVersionGroup section */
		650A6C621C627D0A00AAF8AA /* pruebaRappi.xcdatamodeld */ = {
			isa = XCVersionGroup;
			children = (
				650A6C631C627D0A00AAF8AA /* pruebaRappi.xcdatamodel */,
			);
			currentVersion = 650A6C631C627D0A00AAF8AA /* pruebaRappi.xcdatamodel */;
			path = pruebaRappi.xcdatamodeld;
			sourceTree = "<group>";
			versionGroupType = wrapper.xcdatamodel;
		};
/* End XCVersionGroup section */
	};
	rootObject = 650A6C501C627D0A00AAF8AA /* Project object */;
}
